// !$*UTF8*$!
{
	archiveVersion = 1;
	classes = {
	};
	objectVersion = 46;
	objects = {

/* Begin PBXBuildFile section */
		30FCF59B1C62CD7000F17871 /* main.m in Sources */ = {isa = PBXBuildFile; fileRef = 30FCF59A1C62CD7000F17871 /* main.m */; };
		30FCF59E1C62CD7000F17871 /* AppDelegate.m in Sources */ = {isa = PBXBuildFile; fileRef = 30FCF59D1C62CD7000F17871 /* AppDelegate.m */; };
		30FCF5A11C62CD7000F17871 /* FirstViewController.m in Sources */ = {isa = PBXBuildFile; fileRef = 30FCF5A01C62CD7000F17871 /* FirstViewController.m */; };
		30FCF5A41C62CD7000F17871 /* SecondViewController.m in Sources */ = {isa = PBXBuildFile; fileRef = 30FCF5A31C62CD7000F17871 /* SecondViewController.m */; };
		30FCF5A71C62CD7000F17871 /* Main.storyboard in Resources */ = {isa = PBXBuildFile; fileRef = 30FCF5A51C62CD7000F17871 /* Main.storyboard */; };
		30FCF5A91C62CD7000F17871 /* Assets.xcassets in Resources */ = {isa = PBXBuildFile; fileRef = 30FCF5A81C62CD7000F17871 /* Assets.xcassets */; };
		30FCF5AC1C62CD7000F17871 /* LaunchScreen.storyboard in Resources */ = {isa = PBXBuildFile; fileRef = 30FCF5AA1C62CD7000F17871 /* LaunchScreen.storyboard */; };
/* End PBXBuildFile section */

/* Begin PBXFileReference section */
		30FCF5961C62CD7000F17871 /* ToDoList-Obj-C.app */ = {isa = PBXFileReference; explicitFileType = wrapper.application; includeInIndex = 0; path = "ToDoList-Obj-C.app"; sourceTree = BUILT_PRODUCTS_DIR; };
		30FCF59A1C62CD7000F17871 /* main.m */ = {isa = PBXFileReference; lastKnownFileType = sourcecode.c.objc; path = main.m; sourceTree = "<group>"; };
		30FCF59C1C62CD7000F17871 /* AppDelegate.h */ = {isa = PBXFileReference; lastKnownFileType = sourcecode.c.h; path = AppDelegate.h; sourceTree = "<group>"; };
		30FCF59D1C62CD7000F17871 /* AppDelegate.m */ = {isa = PBXFileReference; lastKnownFileType = sourcecode.c.objc; path = AppDelegate.m; sourceTree = "<group>"; };
		30FCF59F1C62CD7000F17871 /* FirstViewController.h */ = {isa = PBXFileReference; lastKnownFileType = sourcecode.c.h; path = FirstViewController.h; sourceTree = "<group>"; };
		30FCF5A01C62CD7000F17871 /* FirstViewController.m */ = {isa = PBXFileReference; lastKnownFileType = sourcecode.c.objc; path = FirstViewController.m; sourceTree = "<group>"; };
		30FCF5A21C62CD7000F17871 /* SecondViewController.h */ = {isa = PBXFileReference; lastKnownFileType = sourcecode.c.h; path = SecondViewController.h; sourceTree = "<group>"; };
		30FCF5A31C62CD7000F17871 /* SecondViewController.m */ = {isa = PBXFileReference; lastKnownFileType = sourcecode.c.objc; path = SecondViewController.m; sourceTree = "<group>"; };
		30FCF5A61C62CD7000F17871 /* Base */ = {isa = PBXFileReference; lastKnownFileType = file.storyboard; name = Base; path = Base.lproj/Main.storyboard; sourceTree = "<group>"; };
		30FCF5A81C62CD7000F17871 /* Assets.xcassets */ = {isa = PBXFileReference; lastKnownFileType = folder.assetcatalog; path = Assets.xcassets; sourceTree = "<group>"; };
		30FCF5AB1C62CD7000F17871 /* Base */ = {isa = PBXFileReference; lastKnownFileType = file.storyboard; name = Base; path = Base.lproj/LaunchScreen.storyboard; sourceTree = "<group>"; };
		30FCF5AD1C62CD7000F17871 /* Info.plist */ = {isa = PBXFileReference; lastKnownFileType = text.plist.xml; path = Info.plist; sourceTree = "<group>"; };
/* End PBXFileReference section */

/* Begin PBXFrameworksBuildPhase section */
		30FCF5931C62CD7000F17871 /* Frameworks */ = {
			isa = PBXFrameworksBuildPhase;
			buildActionMask = 2147483647;
			files = (
			);
			runOnlyForDeploymentPostprocessing = 0;
		};
/* End PBXFrameworksBuildPhase section */

/* Begin PBXGroup section */
		30FCF58D1C62CD7000F17871 = {
			isa = PBXGroup;
			children = (
				30FCF5981C62CD7000F17871 /* ToDoList-Obj-C */,
				30FCF5971C62CD7000F17871 /* Products */,
			);
			sourceTree = "<group>";
		};
		30FCF5971C62CD7000F17871 /* Products */ = {
			isa = PBXGroup;
			children = (
				30FCF5961C62CD7000F17871 /* ToDoList-Obj-C.app */,
			);
			name = Products;
			sourceTree = "<group>";
		};
		30FCF5981C62CD7000F17871 /* ToDoList-Obj-C */ = {
			isa = PBXGroup;
			children = (
				30FCF59C1C62CD7000F17871 /* AppDelegate.h */,
				30FCF59D1C62CD7000F17871 /* AppDelegate.m */,
				30FCF59F1C62CD7000F17871 /* FirstViewController.h */,
				30FCF5A01C62CD7000F17871 /* FirstViewController.m */,
				30FCF5A21C62CD7000F17871 /* SecondViewController.h */,
				30FCF5A31C62CD7000F17871 /* SecondViewController.m */,
				30FCF5A51C62CD7000F17871 /* Main.storyboard */,
				30FCF5A81C62CD7000F17871 /* Assets.xcassets */,
				30FCF5AA1C62CD7000F17871 /* LaunchScreen.storyboard */,
				30FCF5AD1C62CD7000F17871 /* Info.plist */,
				30FCF5991C62CD7000F17871 /* Supporting Files */,
			);
			path = "ToDoList-Obj-C";
			sourceTree = "<group>";
		};
		30FCF5991C62CD7000F17871 /* Supporting Files */ = {
			isa = PBXGroup;
			children = (
				30FCF59A1C62CD7000F17871 /* main.m */,
			);
			name = "Supporting Files";
			sourceTree = "<group>";
		};
/* End PBXGroup section */

/* Begin PBXNativeTarget section */
		30FCF5951C62CD7000F17871 /* ToDoList-Obj-C */ = {
			isa = PBXNativeTarget;
			buildConfigurationList = 30FCF5B01C62CD7000F17871 /* Build configuration list for PBXNativeTarget "ToDoList-Obj-C" */;
			buildPhases = (
				30FCF5921C62CD7000F17871 /* Sources */,
				30FCF5931C62CD7000F17871 /* Frameworks */,
				30FCF5941C62CD7000F17871 /* Resources */,
			);
			buildRules = (
			);
			dependencies = (
			);
			name = "ToDoList-Obj-C";
			productName = "ToDoList-Obj-C";
			productReference = 30FCF5961C62CD7000F17871 /* ToDoList-Obj-C.app */;
			productType = "com.apple.product-type.application";
		};
/* End PBXNativeTarget section */

/* Begin PBXProject section */
		30FCF58E1C62CD7000F17871 /* Project object */ = {
			isa = PBXProject;
			attributes = {
				LastUpgradeCheck = 0710;
				ORGANIZATIONNAME = Regall;
				TargetAttributes = {
					30FCF5951C62CD7000F17871 = {
						CreatedOnToolsVersion = 7.1.1;
					};
				};
			};
			buildConfigurationList = 30FCF5911C62CD7000F17871 /* Build configuration list for PBXProject "ToDoList-Obj-C" */;
			compatibilityVersion = "Xcode 3.2";
			developmentRegion = English;
			hasScannedForEncodings = 0;
			knownRegions = (
				en,
				Base,
			);
			mainGroup = 30FCF58D1C62CD7000F17871;
			productRefGroup = 30FCF5971C62CD7000F17871 /* Products */;
			projectDirPath = "";
			projectRoot = "";
			targets = (
				30FCF5951C62CD7000F17871 /* ToDoList-Obj-C */,
			);
		};
/* End PBXProject section */

/* Begin PBXResourcesBuildPhase section */
		30FCF5941C62CD7000F17871 /* Resources */ = {
			isa = PBXResourcesBuildPhase;
			buildActionMask = 2147483647;
			files = (
				30FCF5AC1C62CD7000F17871 /* LaunchScreen.storyboard in Resources */,
				30FCF5A91C62CD7000F17871 /* Assets.xcassets in Resources */,
				30FCF5A71C62CD7000F17871 /* Main.storyboard in Resources */,
			);
			runOnlyForDeploymentPostprocessing = 0;
		};
/* End PBXResourcesBuildPhase section */

/* Begin PBXSourcesBuildPhase section */
		30FCF5921C62CD7000F17871 /* Sources */ = {
			isa = PBXSourcesBuildPhase;
			buildActionMask = 2147483647;
			files = (
				30FCF5A41C62CD7000F17871 /* SecondViewController.m in Sources */,
				30FCF59E1C62CD7000F17871 /* AppDelegate.m in Sources */,
				30FCF5A11C62CD7000F17871 /* FirstViewController.m in Sources */,
				30FCF59B1C62CD7000F17871 /* main.m in Sources */,
			);
			runOnlyForDeploymentPostprocessing = 0;
		};
/* End PBXSourcesBuildPhase section */

/* Begin PBXVariantGroup section */
		30FCF5A51C62CD7000F17871 /* Main.storyboard */ = {
			isa = PBXVariantGroup;
			children = (
				30FCF5A61C62CD7000F17871 /* Base */,
			);
			name = Main.storyboard;
			sourceTree = "<group>";
		};
		30FCF5AA1C62CD7000F17871 /* LaunchScreen.storyboard */ = {
			isa = PBXVariantGroup;
			children = (
				30FCF5AB1C62CD7000F17871 /* Base */,
			);
			name = LaunchScreen.storyboard;
			sourceTree = "<group>";
		};
/* End PBXVariantGroup section */

/* Begin XCBuildConfiguration section */
		30FCF5AE1C62CD7000F17871 /* Debug */ = {
			isa = XCBuildConfiguration;
			buildSettings = {
				ALWAYS_SEARCH_USER_PATHS = NO;
				CLANG_CXX_LANGUAGE_STANDARD = "gnu++0x";
				CLANG_CXX_LIBRARY = "libc++";
				CLANG_ENABLE_MODULES = YES;
				CLANG_ENABLE_OBJC_ARC = YES;
				CLANG_WARN_BOOL_CONVERSION = YES;
				CLANG_WARN_CONSTANT_CONVERSION = YES;
				CLANG_WARN_DIRECT_OBJC_ISA_USAGE = YES_ERROR;
				CLANG_WARN_EMPTY_BODY = YES;
				CLANG_WARN_ENUM_CONVERSION = YES;
				CLANG_WARN_INT_CONVERSION = YES;
				CLANG_WARN_OBJC_ROOT_CLASS = YES_ERROR;
				CLANG_WARN_UNREACHABLE_CODE = YES;
				CLANG_WARN__DUPLICATE_METHOD_MATCH = YES;
				"CODE_SIGN_IDENTITY[sdk=iphoneos*]" = "iPhone Developer";
				COPY_PHASE_STRIP = NO;
				DEBUG_INFORMATION_FORMAT = dwarf;
				ENABLE_STRICT_OBJC_MSGSEND = YES;
				ENABLE_TESTABILITY = YES;
				GCC_C_LANGUAGE_STANDARD = gnu99;
				GCC_DYNAMIC_NO_PIC = NO;
				GCC_NO_COMMON_BLOCKS = YES;
				GCC_OPTIMIZATION_LEVEL = 0;
				GCC_PREPROCESSOR_DEFINITIONS = (
					"DEBUG=1",
					"$(inherited)",
				);
				GCC_WARN_64_TO_32_BIT_CONVERSION = YES;
				GCC_WARN_ABOUT_RETURN_TYPE = YES_ERROR;
				GCC_WARN_UNDECLARED_SELECTOR = YES;
				GCC_WARN_UNINITIALIZED_AUTOS = YES_AGGRESSIVE;
				GCC_WARN_UNUSED_FUNCTION = YES;
				GCC_WARN_UNUSED_VARIABLE = YES;
				IPHONEOS_DEPLOYMENT_TARGET = 9.1;
				MTL_ENABLE_DEBUG_INFO = YES;
				ONLY_ACTIVE_ARCH = YES;
				SDKROOT = iphoneos;
				TARGETED_DEVICE_FAMILY = "1,2";
			};
			name = Debug;
		};
		30FCF5AF1C62CD7000F17871 /* Release */ = {
			isa = XCBuildConfiguration;
			buildSettings = {
				ALWAYS_SEARCH_USER_PATHS = NO;
				CLANG_CXX_LANGUAGE_STANDARD = "gnu++0x";
				CLANG_CXX_LIBRARY = "libc++";
				CLANG_ENABLE_MODULES = YES;
				CLANG_ENABLE_OBJC_ARC = YES;
				CLANG_WARN_BOOL_CONVERSION = YES;
				CLANG_WARN_CONSTANT_CONVERSION = YES;
				CLANG_WARN_DIRECT_OBJC_ISA_USAGE = YES_ERROR;
				CLANG_WARN_EMPTY_BODY = YES;
				CLANG_WARN_ENUM_CONVERSION = YES;
				CLANG_WARN_INT_CONVERSION = YES;
				CLANG_WARN_OBJC_ROOT_CLASS = YES_ERROR;
				CLANG_WARN_UNREACHABLE_CODE = YES;
				CLANG_WARN__DUPLICATE_METHOD_MATCH = YES;
				"CODE_SIGN_IDENTITY[sdk=iphoneos*]" = "iPhone Developer";
				COPY_PHASE_STRIP = NO;
				DEBUG_INFORMATION_FORMAT = "dwarf-with-dsym";
				ENABLE_NS_ASSERTIONS = NO;
				ENABLE_STRICT_OBJC_MSGSEND = YES;
				GCC_C_LANGUAGE_STANDARD = gnu99;
				GCC_NO_COMMON_BLOCKS = YES;
				GCC_WARN_64_TO_32_BIT_CONVERSION = YES;
				GCC_WARN_ABOUT_RETURN_TYPE = YES_ERROR;
				GCC_WARN_UNDECLARED_SELECTOR = YES;
				GCC_WARN_UNINITIALIZED_AUTOS = YES_AGGRESSIVE;
				GCC_WARN_UNUSED_FUNCTION = YES;
				GCC_WARN_UNUSED_VARIABLE = YES;
				IPHONEOS_DEPLOYMENT_TARGET = 9.1;
				MTL_ENABLE_DEBUG_INFO = NO;
				SDKROOT = iphoneos;
				TARGETED_DEVICE_FAMILY = "1,2";
				VALIDATE_PRODUCT = YES;
			};
			name = Release;
		};
		30FCF5B11C62CD7000F17871 /* Debug */ = {
			isa = XCBuildConfiguration;
			buildSettings = {
				ASSETCATALOG_COMPILER_APPICON_NAME = AppIcon;
				INFOPLIST_FILE = "ToDoList-Obj-C/Info.plist";
				LD_RUNPATH_SEARCH_PATHS = "$(inherited) @executable_path/Frameworks";
				PRODUCT_BUNDLE_IDENTIFIER = "com.regall.ToDoList-Obj-C";
				PRODUCT_NAME = "$(TARGET_NAME)";
			};
			name = Debug;
		};
		30FCF5B21C62CD7000F17871 /* Release */ = {
			isa = XCBuildConfiguration;
			buildSettings = {
				ASSETCATALOG_COMPILER_APPICON_NAME = AppIcon;
				INFOPLIST_FILE = "ToDoList-Obj-C/Info.plist";
				LD_RUNPATH_SEARCH_PATHS = "$(inherited) @executable_path/Frameworks";
				PRODUCT_BUNDLE_IDENTIFIER = "com.regall.ToDoList-Obj-C";
				PRODUCT_NAME = "$(TARGET_NAME)";
			};
			name = Release;
		};
/* End XCBuildConfiguration section */

/* Begin XCConfigurationList section */
		30FCF5911C62CD7000F17871 /* Build configuration list for PBXProject "ToDoList-Obj-C" */ = {
			isa = XCConfigurationList;
			buildConfigurations = (
				30FCF5AE1C62CD7000F17871 /* Debug */,
				30FCF5AF1C62CD7000F17871 /* Release */,
			);
			defaultConfigurationIsVisible = 0;
			defaultConfigurationName = Release;
		};
		30FCF5B01C62CD7000F17871 /* Build configuration list for PBXNativeTarget "ToDoList-Obj-C" */ = {
			isa = XCConfigurationList;
			buildConfigurations = (
				30FCF5B11C62CD7000F17871 /* Debug */,
				30FCF5B21C62CD7000F17871 /* Release */,
			);
			defaultConfigurationIsVisible = 0;
		};
/* End XCConfigurationList section */
	};
	rootObject = 30FCF58E1C62CD7000F17871 /* Project object */;
}
